
Microsoft Visual Studio Solution File, Format Version 12.00
# Visual Studio Version 17
VisualStudioVersion = 17.10.35004.147
MinimumVisualStudioVersion = 10.0.40219.1
Project("{FAE04EC0-301F-11D3-BF4B-00C04F79EFBC}") = "Task1", "Task1\Task1.csproj", "{DA401D54-9EA1-4B4A-9834-0AF5CC52A73A}"
EndProject
Global
	GlobalSection(SolutionConfigurationPlatforms) = preSolution
		Debug|Any CPU = Debug|Any CPU
		Release|Any CPU = Release|Any CPU
	EndGlobalSection
	GlobalSection(ProjectConfigurationPlatforms) = postSolution
		{DA401D54-9EA1-4B4A-9834-0AF5CC52A73A}.Debug|Any CPU.ActiveCfg = Debug|Any CPU
		{DA401D54-9EA1-4B4A-9834-0AF5CC52A73A}.Debug|Any CPU.Build.0 = Debug|Any CPU
		{DA401D54-9EA1-4B4A-9834-0AF5CC52A73A}.Release|Any CPU.ActiveCfg = Release|Any CPU
		{DA401D54-9EA1-4B4A-9834-0AF5CC52A73A}.Release|Any CPU.Build.0 = Release|Any CPU
	EndGlobalSection
	GlobalSection(SolutionProperties) = preSolution
		HideSolutionNode = FALSE
	EndGlobalSection
	GlobalSection(ExtensibilityGlobals) = postSolution
		SolutionGuid = {818190C4-3431-420D-B223-A34E4592BB6D}
	EndGlobalSection
EndGlobal
